// !$*UTF8*$!
{
	archiveVersion = 1;
	classes = {
	};
	objectVersion = 46;
	objects = {

/* Begin PBXBuildFile section */
		CA2F2FCB1A55449000F3185D /* MainVC.m in Sources */ = {isa = PBXBuildFile; fileRef = CA2F2FCA1A55449000F3185D /* MainVC.m */; };
		CA93E4501A55311D0038B6AE /* main.m in Sources */ = {isa = PBXBuildFile; fileRef = CA93E44F1A55311D0038B6AE /* main.m */; };
		CA93E4531A55311D0038B6AE /* AppDelegate.m in Sources */ = {isa = PBXBuildFile; fileRef = CA93E4521A55311D0038B6AE /* AppDelegate.m */; };
		CA93E45B1A55311D0038B6AE /* Images.xcassets in Resources */ = {isa = PBXBuildFile; fileRef = CA93E45A1A55311D0038B6AE /* Images.xcassets */; };
		CA93E46A1A55311D0038B6AE /* RemotePaintTests.m in Sources */ = {isa = PBXBuildFile; fileRef = CA93E4691A55311D0038B6AE /* RemotePaintTests.m */; };
		CA93E4851A5535820038B6AE /* SelectionVC.m in Sources */ = {isa = PBXBuildFile; fileRef = CA93E4831A5535820038B6AE /* SelectionVC.m */; };
		CA93E4861A5535820038B6AE /* SelectionVC.xib in Resources */ = {isa = PBXBuildFile; fileRef = CA93E4841A5535820038B6AE /* SelectionVC.xib */; };
		CA93E48C1A5535EB0038B6AE /* PaintView.m in Sources */ = {isa = PBXBuildFile; fileRef = CA93E48B1A5535EB0038B6AE /* PaintView.m */; };
		CA93E4911A5535FF0038B6AE /* GCDAsyncSocket.m in Sources */ = {isa = PBXBuildFile; fileRef = CA93E48E1A5535FF0038B6AE /* GCDAsyncSocket.m */; };
		CA93E4921A5535FF0038B6AE /* GCDAsyncUdpSocket.m in Sources */ = {isa = PBXBuildFile; fileRef = CA93E4901A5535FF0038B6AE /* GCDAsyncUdpSocket.m */; };
		CA93E4941A5536050038B6AE /* HelperFunctions.m in Sources */ = {isa = PBXBuildFile; fileRef = CA93E4931A5536050038B6AE /* HelperFunctions.m */; };
		CA93E4971A553BC10038B6AE /* IPConnectionView.m in Sources */ = {isa = PBXBuildFile; fileRef = CA93E4961A553BC10038B6AE /* IPConnectionView.m */; };
/* End PBXBuildFile section */

/* Begin PBXContainerItemProxy section */
		CA93E4641A55311D0038B6AE /* PBXContainerItemProxy */ = {
			isa = PBXContainerItemProxy;
			containerPortal = CA93E4421A55311D0038B6AE /* Project object */;
			proxyType = 1;
			remoteGlobalIDString = CA93E4491A55311D0038B6AE;
			remoteInfo = RemotePaint;
		};
/* End PBXContainerItemProxy section */

/* Begin PBXFileReference section */
		CA2F2FC91A55449000F3185D /* MainVC.h */ = {isa = PBXFileReference; fileEncoding = 4; lastKnownFileType = sourcecode.c.h; name = MainVC.h; path = ViewControllers/MainVC.h; sourceTree = "<group>"; };
		CA2F2FCA1A55449000F3185D /* MainVC.m */ = {isa = PBXFileReference; fileEncoding = 4; lastKnownFileType = sourcecode.c.objc; name = MainVC.m; path = ViewControllers/MainVC.m; sourceTree = "<group>"; };
		CA93E44A1A55311D0038B6AE /* RemotePaint.app */ = {isa = PBXFileReference; explicitFileType = wrapper.application; includeInIndex = 0; path = RemotePaint.app; sourceTree = BUILT_PRODUCTS_DIR; };
		CA93E44E1A55311D0038B6AE /* Info.plist */ = {isa = PBXFileReference; lastKnownFileType = text.plist.xml; path = Info.plist; sourceTree = "<group>"; };
		CA93E44F1A55311D0038B6AE /* main.m */ = {isa = PBXFileReference; lastKnownFileType = sourcecode.c.objc; path = main.m; sourceTree = "<group>"; };
		CA93E4511A55311D0038B6AE /* AppDelegate.h */ = {isa = PBXFileReference; lastKnownFileType = sourcecode.c.h; path = AppDelegate.h; sourceTree = "<group>"; };
		CA93E4521A55311D0038B6AE /* AppDelegate.m */ = {isa = PBXFileReference; lastKnownFileType = sourcecode.c.objc; path = AppDelegate.m; sourceTree = "<group>"; };
		CA93E45A1A55311D0038B6AE /* Images.xcassets */ = {isa = PBXFileReference; lastKnownFileType = folder.assetcatalog; path = Images.xcassets; sourceTree = "<group>"; };
		CA93E4631A55311D0038B6AE /* RemotePaintTests.xctest */ = {isa = PBXFileReference; explicitFileType = wrapper.cfbundle; includeInIndex = 0; path = RemotePaintTests.xctest; sourceTree = BUILT_PRODUCTS_DIR; };
		CA93E4681A55311D0038B6AE /* Info.plist */ = {isa = PBXFileReference; lastKnownFileType = text.plist.xml; path = Info.plist; sourceTree = "<group>"; };
		CA93E4691A55311D0038B6AE /* RemotePaintTests.m */ = {isa = PBXFileReference; lastKnownFileType = sourcecode.c.objc; path = RemotePaintTests.m; sourceTree = "<group>"; };
		CA93E4821A5535820038B6AE /* SelectionVC.h */ = {isa = PBXFileReference; fileEncoding = 4; lastKnownFileType = sourcecode.c.h; name = SelectionVC.h; path = ViewControllers/SelectionVC.h; sourceTree = "<group>"; };
		CA93E4831A5535820038B6AE /* SelectionVC.m */ = {isa = PBXFileReference; fileEncoding = 4; lastKnownFileType = sourcecode.c.objc; name = SelectionVC.m; path = ViewControllers/SelectionVC.m; sourceTree = "<group>"; };
		CA93E4841A5535820038B6AE /* SelectionVC.xib */ = {isa = PBXFileReference; fileEncoding = 4; lastKnownFileType = file.xib; name = SelectionVC.xib; path = ViewControllers/SelectionVC.xib; sourceTree = "<group>"; };
		CA93E48A1A5535EB0038B6AE /* PaintView.h */ = {isa = PBXFileReference; fileEncoding = 4; lastKnownFileType = sourcecode.c.h; name = PaintView.h; path = CustomViews/PaintView.h; sourceTree = "<group>"; };
		CA93E48B1A5535EB0038B6AE /* PaintView.m */ = {isa = PBXFileReference; fileEncoding = 4; lastKnownFileType = sourcecode.c.objc; name = PaintView.m; path = CustomViews/PaintView.m; sourceTree = "<group>"; };
		CA93E48D1A5535FF0038B6AE /* GCDAsyncSocket.h */ = {isa = PBXFileReference; fileEncoding = 4; lastKnownFileType = sourcecode.c.h; name = GCDAsyncSocket.h; path = ThirdPartyLibs/GCDSockets/GCDAsyncSocket.h; sourceTree = "<group>"; };
		CA93E48E1A5535FF0038B6AE /* GCDAsyncSocket.m */ = {isa = PBXFileReference; fileEncoding = 4; lastKnownFileType = sourcecode.c.objc; name = GCDAsyncSocket.m; path = ThirdPartyLibs/GCDSockets/GCDAsyncSocket.m; sourceTree = "<group>"; };
		CA93E48F1A5535FF0038B6AE /* GCDAsyncUdpSocket.h */ = {isa = PBXFileReference; fileEncoding = 4; lastKnownFileType = sourcecode.c.h; name = GCDAsyncUdpSocket.h; path = ThirdPartyLibs/GCDSockets/GCDAsyncUdpSocket.h; sourceTree = "<group>"; };
		CA93E4901A5535FF0038B6AE /* GCDAsyncUdpSocket.m */ = {isa = PBXFileReference; fileEncoding = 4; lastKnownFileType = sourcecode.c.objc; name = GCDAsyncUdpSocket.m; path = ThirdPartyLibs/GCDSockets/GCDAsyncUdpSocket.m; sourceTree = "<group>"; };
		CA93E4931A5536050038B6AE /* HelperFunctions.m */ = {isa = PBXFileReference; fileEncoding = 4; lastKnownFileType = sourcecode.c.objc; name = HelperFunctions.m; path = ThirdPartyLibs/HelperFunctions.m; sourceTree = "<group>"; };
		CA93E4951A553BC10038B6AE /* IPConnectionView.h */ = {isa = PBXFileReference; fileEncoding = 4; lastKnownFileType = sourcecode.c.h; name = IPConnectionView.h; path = CustomViews/IPConnectionView.h; sourceTree = "<group>"; };
		CA93E4961A553BC10038B6AE /* IPConnectionView.m */ = {isa = PBXFileReference; fileEncoding = 4; lastKnownFileType = sourcecode.c.objc; name = IPConnectionView.m; path = CustomViews/IPConnectionView.m; sourceTree = "<group>"; };
/* End PBXFileReference section */

/* Begin PBXFrameworksBuildPhase section */
		CA93E4471A55311D0038B6AE /* Frameworks */ = {
			isa = PBXFrameworksBuildPhase;
			buildActionMask = 2147483647;
			files = (
			);
			runOnlyForDeploymentPostprocessing = 0;
		};
		CA93E4601A55311D0038B6AE /* Frameworks */ = {
			isa = PBXFrameworksBuildPhase;
			buildActionMask = 2147483647;
			files = (
			);
			runOnlyForDeploymentPostprocessing = 0;
		};
/* End PBXFrameworksBuildPhase section */

/* Begin PBXGroup section */
		CA93E4411A55311D0038B6AE = {
			isa = PBXGroup;
			children = (
				CA93E44C1A55311D0038B6AE /* RemotePaint */,
				CA93E4661A55311D0038B6AE /* RemotePaintTests */,
				CA93E44B1A55311D0038B6AE /* Products */,
			);
			sourceTree = "<group>";
		};
		CA93E44B1A55311D0038B6AE /* Products */ = {
			isa = PBXGroup;
			children = (
				CA93E44A1A55311D0038B6AE /* RemotePaint.app */,
				CA93E4631A55311D0038B6AE /* RemotePaintTests.xctest */,
			);
			name = Products;
			sourceTree = "<group>";
		};
		CA93E44C1A55311D0038B6AE /* RemotePaint */ = {
			isa = PBXGroup;
			children = (
				CA93E4511A55311D0038B6AE /* AppDelegate.h */,
				CA93E4521A55311D0038B6AE /* AppDelegate.m */,
				CA93E4801A55352B0038B6AE /* ViewControllers */,
				CA93E4811A5535360038B6AE /* CustomViews */,
				CA93E45A1A55311D0038B6AE /* Images.xcassets */,
				CA93E4791A55321E0038B6AE /* libs */,
				CA93E44D1A55311D0038B6AE /* Supporting Files */,
			);
			path = RemotePaint;
			sourceTree = "<group>";
		};
		CA93E44D1A55311D0038B6AE /* Supporting Files */ = {
			isa = PBXGroup;
			children = (
				CA93E44E1A55311D0038B6AE /* Info.plist */,
				CA93E44F1A55311D0038B6AE /* main.m */,
			);
			name = "Supporting Files";
			sourceTree = "<group>";
		};
		CA93E4661A55311D0038B6AE /* RemotePaintTests */ = {
			isa = PBXGroup;
			children = (
				CA93E4691A55311D0038B6AE /* RemotePaintTests.m */,
				CA93E4671A55311D0038B6AE /* Supporting Files */,
			);
			path = RemotePaintTests;
			sourceTree = "<group>";
		};
		CA93E4671A55311D0038B6AE /* Supporting Files */ = {
			isa = PBXGroup;
			children = (
				CA93E4681A55311D0038B6AE /* Info.plist */,
			);
			name = "Supporting Files";
			sourceTree = "<group>";
		};
		CA93E4791A55321E0038B6AE /* libs */ = {
			isa = PBXGroup;
			children = (
				CA93E4931A5536050038B6AE /* HelperFunctions.m */,
				CA93E47F1A5535130038B6AE /* GCDSocket_libs */,
			);
			name = libs;
			sourceTree = "<group>";
		};
		CA93E47F1A5535130038B6AE /* GCDSocket_libs */ = {
			isa = PBXGroup;
			children = (
				CA93E48D1A5535FF0038B6AE /* GCDAsyncSocket.h */,
				CA93E48E1A5535FF0038B6AE /* GCDAsyncSocket.m */,
				CA93E48F1A5535FF0038B6AE /* GCDAsyncUdpSocket.h */,
				CA93E4901A5535FF0038B6AE /* GCDAsyncUdpSocket.m */,
			);
			name = GCDSocket_libs;
			sourceTree = "<group>";
		};
		CA93E4801A55352B0038B6AE /* ViewControllers */ = {
			isa = PBXGroup;
			children = (
				CA93E4821A5535820038B6AE /* SelectionVC.h */,
				CA93E4831A5535820038B6AE /* SelectionVC.m */,
				CA93E4841A5535820038B6AE /* SelectionVC.xib */,
				CA2F2FC91A55449000F3185D /* MainVC.h */,
				CA2F2FCA1A55449000F3185D /* MainVC.m */,
			);
			name = ViewControllers;
			sourceTree = "<group>";
		};
		CA93E4811A5535360038B6AE /* CustomViews */ = {
			isa = PBXGroup;
			children = (
				CA93E4951A553BC10038B6AE /* IPConnectionView.h */,
				CA93E4961A553BC10038B6AE /* IPConnectionView.m */,
				CA93E48A1A5535EB0038B6AE /* PaintView.h */,
				CA93E48B1A5535EB0038B6AE /* PaintView.m */,
			);
			name = CustomViews;
			sourceTree = "<group>";
		};
/* End PBXGroup section */

/* Begin PBXNativeTarget section */
		CA93E4491A55311D0038B6AE /* RemotePaint */ = {
			isa = PBXNativeTarget;
			buildConfigurationList = CA93E46D1A55311D0038B6AE /* Build configuration list for PBXNativeTarget "RemotePaint" */;
			buildPhases = (
				CA93E4461A55311D0038B6AE /* Sources */,
				CA93E4471A55311D0038B6AE /* Frameworks */,
				CA93E4481A55311D0038B6AE /* Resources */,
			);
			buildRules = (
			);
			dependencies = (
			);
			name = RemotePaint;
			productName = RemotePaint;
			productReference = CA93E44A1A55311D0038B6AE /* RemotePaint.app */;
			productType = "com.apple.product-type.application";
		};
		CA93E4621A55311D0038B6AE /* RemotePaintTests */ = {
			isa = PBXNativeTarget;
			buildConfigurationList = CA93E4701A55311D0038B6AE /* Build configuration list for PBXNativeTarget "RemotePaintTests" */;
			buildPhases = (
				CA93E45F1A55311D0038B6AE /* Sources */,
				CA93E4601A55311D0038B6AE /* Frameworks */,
				CA93E4611A55311D0038B6AE /* Resources */,
			);
			buildRules = (
			);
			dependencies = (
				CA93E4651A55311D0038B6AE /* PBXTargetDependency */,
			);
			name = RemotePaintTests;
			productName = RemotePaintTests;
			productReference = CA93E4631A55311D0038B6AE /* RemotePaintTests.xctest */;
			productType = "com.apple.product-type.bundle.unit-test";
		};
/* End PBXNativeTarget section */

/* Begin PBXProject section */
		CA93E4421A55311D0038B6AE /* Project object */ = {
			isa = PBXProject;
			attributes = {
				LastUpgradeCheck = 0610;
				ORGANIZATIONNAME = com.santhosh;
				TargetAttributes = {
					CA93E4491A55311D0038B6AE = {
						CreatedOnToolsVersion = 6.1;
					};
					CA93E4621A55311D0038B6AE = {
						CreatedOnToolsVersion = 6.1;
						TestTargetID = CA93E4491A55311D0038B6AE;
					};
				};
			};
			buildConfigurationList = CA93E4451A55311D0038B6AE /* Build configuration list for PBXProject "RemotePaint" */;
			compatibilityVersion = "Xcode 3.2";
			developmentRegion = English;
			hasScannedForEncodings = 0;
			knownRegions = (
				en,
				Base,
			);
			mainGroup = CA93E4411A55311D0038B6AE;
			productRefGroup = CA93E44B1A55311D0038B6AE /* Products */;
			projectDirPath = "";
			projectRoot = "";
			targets = (
				CA93E4491A55311D0038B6AE /* RemotePaint */,
				CA93E4621A55311D0038B6AE /* RemotePaintTests */,
			);
		};
/* End PBXProject section */

/* Begin PBXResourcesBuildPhase section */
		CA93E4481A55311D0038B6AE /* Resources */ = {
			isa = PBXResourcesBuildPhase;
			buildActionMask = 2147483647;
			files = (
				CA93E45B1A55311D0038B6AE /* Images.xcassets in Resources */,
				CA93E4861A5535820038B6AE /* SelectionVC.xib in Resources */,
			);
			runOnlyForDeploymentPostprocessing = 0;
		};
		CA93E4611A55311D0038B6AE /* Resources */ = {
			isa = PBXResourcesBuildPhase;
			buildActionMask = 2147483647;
			files = (
			);
			runOnlyForDeploymentPostprocessing = 0;
		};
/* End PBXResourcesBuildPhase section */

/* Begin PBXSourcesBuildPhase section */
		CA93E4461A55311D0038B6AE /* Sources */ = {
			isa = PBXSourcesBuildPhase;
			buildActionMask = 2147483647;
			files = (
				CA93E4911A5535FF0038B6AE /* GCDAsyncSocket.m in Sources */,
				CA93E4971A553BC10038B6AE /* IPConnectionView.m in Sources */,
				CA2F2FCB1A55449000F3185D /* MainVC.m in Sources */,
				CA93E4531A55311D0038B6AE /* AppDelegate.m in Sources */,
				CA93E48C1A5535EB0038B6AE /* PaintView.m in Sources */,
				CA93E4921A5535FF0038B6AE /* GCDAsyncUdpSocket.m in Sources */,
				CA93E4941A5536050038B6AE /* HelperFunctions.m in Sources */,
				CA93E4501A55311D0038B6AE /* main.m in Sources */,
				CA93E4851A5535820038B6AE /* SelectionVC.m in Sources */,
			);
			runOnlyForDeploymentPostprocessing = 0;
		};
		CA93E45F1A55311D0038B6AE /* Sources */ = {
			isa = PBXSourcesBuildPhase;
			buildActionMask = 2147483647;
			files = (
				CA93E46A1A55311D0038B6AE /* RemotePaintTests.m in Sources */,
			);
			runOnlyForDeploymentPostprocessing = 0;
		};
/* End PBXSourcesBuildPhase section */

/* Begin PBXTargetDependency section */
		CA93E4651A55311D0038B6AE /* PBXTargetDependency */ = {
			isa = PBXTargetDependency;
			target = CA93E4491A55311D0038B6AE /* RemotePaint */;
			targetProxy = CA93E4641A55311D0038B6AE /* PBXContainerItemProxy */;
		};
/* End PBXTargetDependency section */

/* Begin XCBuildConfiguration section */
		CA93E46B1A55311D0038B6AE /* Debug */ = {
			isa = XCBuildConfiguration;
			buildSettings = {
				ALWAYS_SEARCH_USER_PATHS = NO;
				CLANG_CXX_LANGUAGE_STANDARD = "gnu++0x";
				CLANG_CXX_LIBRARY = "libc++";
				CLANG_ENABLE_MODULES = YES;
				CLANG_ENABLE_OBJC_ARC = YES;
				CLANG_WARN_BOOL_CONVERSION = YES;
				CLANG_WARN_CONSTANT_CONVERSION = YES;
				CLANG_WARN_DIRECT_OBJC_ISA_USAGE = YES_ERROR;
				CLANG_WARN_EMPTY_BODY = YES;
				CLANG_WARN_ENUM_CONVERSION = YES;
				CLANG_WARN_INT_CONVERSION = YES;
				CLANG_WARN_OBJC_ROOT_CLASS = YES_ERROR;
				CLANG_WARN_UNREACHABLE_CODE = YES;
				CLANG_WARN__DUPLICATE_METHOD_MATCH = YES;
				"CODE_SIGN_IDENTITY[sdk=iphoneos*]" = "iPhone Developer";
				COPY_PHASE_STRIP = NO;
				ENABLE_STRICT_OBJC_MSGSEND = YES;
				GCC_C_LANGUAGE_STANDARD = gnu99;
				GCC_DYNAMIC_NO_PIC = NO;
				GCC_OPTIMIZATION_LEVEL = 0;
				GCC_PREPROCESSOR_DEFINITIONS = (
					"DEBUG=1",
					"$(inherited)",
				);
				GCC_SYMBOLS_PRIVATE_EXTERN = NO;
				GCC_WARN_64_TO_32_BIT_CONVERSION = YES;
				GCC_WARN_ABOUT_RETURN_TYPE = YES_ERROR;
				GCC_WARN_UNDECLARED_SELECTOR = YES;
				GCC_WARN_UNINITIALIZED_AUTOS = YES_AGGRESSIVE;
				GCC_WARN_UNUSED_FUNCTION = YES;
				GCC_WARN_UNUSED_VARIABLE = YES;
				IPHONEOS_DEPLOYMENT_TARGET = 8.1;
				MTL_ENABLE_DEBUG_INFO = YES;
				ONLY_ACTIVE_ARCH = YES;
				SDKROOT = iphoneos;
			};
			name = Debug;
		};
		CA93E46C1A55311D0038B6AE /* Release */ = {
			isa = XCBuildConfiguration;
			buildSettings = {
				ALWAYS_SEARCH_USER_PATHS = NO;
				CLANG_CXX_LANGUAGE_STANDARD = "gnu++0x";
				CLANG_CXX_LIBRARY = "libc++";
				CLANG_ENABLE_MODULES = YES;
				CLANG_ENABLE_OBJC_ARC = YES;
				CLANG_WARN_BOOL_CONVERSION = YES;
				CLANG_WARN_CONSTANT_CONVERSION = YES;
				CLANG_WARN_DIRECT_OBJC_ISA_USAGE = YES_ERROR;
				CLANG_WARN_EMPTY_BODY = YES;
				CLANG_WARN_ENUM_CONVERSION = YES;
				CLANG_WARN_INT_CONVERSION = YES;
				CLANG_WARN_OBJC_ROOT_CLASS = YES_ERROR;
				CLANG_WARN_UNREACHABLE_CODE = YES;
				CLANG_WARN__DUPLICATE_METHOD_MATCH = YES;
				"CODE_SIGN_IDENTITY[sdk=iphoneos*]" = "iPhone Developer";
				COPY_PHASE_STRIP = YES;
				ENABLE_NS_ASSERTIONS = NO;
				ENABLE_STRICT_OBJC_MSGSEND = YES;
				GCC_C_LANGUAGE_STANDARD = gnu99;
				GCC_WARN_64_TO_32_BIT_CONVERSION = YES;
				GCC_WARN_ABOUT_RETURN_TYPE = YES_ERROR;
				GCC_WARN_UNDECLARED_SELECTOR = YES;
				GCC_WARN_UNINITIALIZED_AUTOS = YES_AGGRESSIVE;
				GCC_WARN_UNUSED_FUNCTION = YES;
				GCC_WARN_UNUSED_VARIABLE = YES;
				IPHONEOS_DEPLOYMENT_TARGET = 8.1;
				MTL_ENABLE_DEBUG_INFO = NO;
				SDKROOT = iphoneos;
				VALIDATE_PRODUCT = YES;
			};
			name = Release;
		};
		CA93E46E1A55311D0038B6AE /* Debug */ = {
			isa = XCBuildConfiguration;
			buildSettings = {
				ASSETCATALOG_COMPILER_APPICON_NAME = AppIcon;
				INFOPLIST_FILE = RemotePaint/Info.plist;
				LD_RUNPATH_SEARCH_PATHS = "$(inherited) @executable_path/Frameworks";
				PRODUCT_NAME = "$(TARGET_NAME)";
			};
			name = Debug;
		};
		CA93E46F1A55311D0038B6AE /* Release */ = {
			isa = XCBuildConfiguration;
			buildSettings = {
				ASSETCATALOG_COMPILER_APPICON_NAME = AppIcon;
				INFOPLIST_FILE = RemotePaint/Info.plist;
				LD_RUNPATH_SEARCH_PATHS = "$(inherited) @executable_path/Frameworks";
				PRODUCT_NAME = "$(TARGET_NAME)";
			};
			name = Release;
		};
		CA93E4711A55311D0038B6AE /* Debug */ = {
			isa = XCBuildConfiguration;
			buildSettings = {
				BUNDLE_LOADER = "$(TEST_HOST)";
				FRAMEWORK_SEARCH_PATHS = (
					"$(SDKROOT)/Developer/Library/Frameworks",
					"$(inherited)",
				);
				GCC_PREPROCESSOR_DEFINITIONS = (
					"DEBUG=1",
					"$(inherited)",
				);
				INFOPLIST_FILE = RemotePaintTests/Info.plist;
				LD_RUNPATH_SEARCH_PATHS = "$(inherited) @executable_path/Frameworks @loader_path/Frameworks";
				PRODUCT_NAME = "$(TARGET_NAME)";
				TEST_HOST = "$(BUILT_PRODUCTS_DIR)/RemotePaint.app/RemotePaint";
			};
			name = Debug;
		};
		CA93E4721A55311D0038B6AE /* Release */ = {
			isa = XCBuildConfiguration;
			buildSettings = {
				BUNDLE_LOADER = "$(TEST_HOST)";
				FRAMEWORK_SEARCH_PATHS = (
					"$(SDKROOT)/Developer/Library/Frameworks",
					"$(inherited)",
				);
				INFOPLIST_FILE = RemotePaintTests/Info.plist;
				LD_RUNPATH_SEARCH_PATHS = "$(inherited) @executable_path/Frameworks @loader_path/Frameworks";
				PRODUCT_NAME = "$(TARGET_NAME)";
				TEST_HOST = "$(BUILT_PRODUCTS_DIR)/RemotePaint.app/RemotePaint";
			};
			name = Release;
		};
/* End XCBuildConfiguration section */

/* Begin XCConfigurationList section */
		CA93E4451A55311D0038B6AE /* Build configuration list for PBXProject "RemotePaint" */ = {
			isa = XCConfigurationList;
			buildConfigurations = (
				CA93E46B1A55311D0038B6AE /* Debug */,
				CA93E46C1A55311D0038B6AE /* Release */,
			);
			defaultConfigurationIsVisible = 0;
			defaultConfigurationName = Release;
		};
		CA93E46D1A55311D0038B6AE /* Build configuration list for PBXNativeTarget "RemotePaint" */ = {
			isa = XCConfigurationList;
			buildConfigurations = (
				CA93E46E1A55311D0038B6AE /* Debug */,
				CA93E46F1A55311D0038B6AE /* Release */,
			);
			defaultConfigurationIsVisible = 0;
			defaultConfigurationName = Release;
		};
		CA93E4701A55311D0038B6AE /* Build configuration list for PBXNativeTarget "RemotePaintTests" */ = {
			isa = XCConfigurationList;
			buildConfigurations = (
				CA93E4711A55311D0038B6AE /* Debug */,
				CA93E4721A55311D0038B6AE /* Release */,
			);
			defaultConfigurationIsVisible = 0;
			defaultConfigurationName = Release;
		};
/* End XCConfigurationList section */
	};
	rootObject = CA93E4421A55311D0038B6AE /* Project object */;
}
